
Microsoft Visual Studio Solution File, Format Version 12.00
# Visual Studio 15
VisualStudioVersion = 15.0.28307.1022
MinimumVisualStudioVersion = 10.0.40219.1
Project("{FAE04EC0-301F-11D3-BF4B-00C04F79EFBC}") = "HomeEconomy", "HomeEconomy\HomeEconomy.csproj", "{28DD77F6-E3C6-4DF8-8C38-68EB3D9E7FBD}"
EndProject
Global
	GlobalSection(SolutionConfigurationPlatforms) = preSolution
		Debug|Any CPU = Debug|Any CPU
		Release|Any CPU = Release|Any CPU
	EndGlobalSection
	GlobalSection(ProjectConfigurationPlatforms) = postSolution
		{28DD77F6-E3C6-4DF8-8C38-68EB3D9E7FBD}.Debug|Any CPU.ActiveCfg = Debug|Any CPU
		{28DD77F6-E3C6-4DF8-8C38-68EB3D9E7FBD}.Debug|Any CPU.Build.0 = Debug|Any CPU
		{28DD77F6-E3C6-4DF8-8C38-68EB3D9E7FBD}.Release|Any CPU.ActiveCfg = Release|Any CPU
		{28DD77F6-E3C6-4DF8-8C38-68EB3D9E7FBD}.Release|Any CPU.Build.0 = Release|Any CPU
	EndGlobalSection
	GlobalSection(SolutionProperties) = preSolution
		HideSolutionNode = FALSE
	EndGlobalSection
	GlobalSection(ExtensibilityGlobals) = postSolution
		SolutionGuid = {21498A95-1EE7-439C-9CC1-D659AC29038C}
	EndGlobalSection
EndGlobal
