
Microsoft Visual Studio Solution File, Format Version 12.00
# Visual Studio Version 17
VisualStudioVersion = 17.8.34525.116
MinimumVisualStudioVersion = 10.0.40219.1
Project("{FAE04EC0-301F-11D3-BF4B-00C04F79EFBC}") = "homeeconomyback", "homeeconomyback\homeeconomyback.csproj", "{BC443C32-242F-4350-9BD2-7EDE3D7F593A}"
EndProject
Global
	GlobalSection(SolutionConfigurationPlatforms) = preSolution
		Debug|Any CPU = Debug|Any CPU
		Release|Any CPU = Release|Any CPU
	EndGlobalSection
	GlobalSection(ProjectConfigurationPlatforms) = postSolution
		{BC443C32-242F-4350-9BD2-7EDE3D7F593A}.Debug|Any CPU.ActiveCfg = Debug|Any CPU
		{BC443C32-242F-4350-9BD2-7EDE3D7F593A}.Debug|Any CPU.Build.0 = Debug|Any CPU
		{BC443C32-242F-4350-9BD2-7EDE3D7F593A}.Release|Any CPU.ActiveCfg = Release|Any CPU
		{BC443C32-242F-4350-9BD2-7EDE3D7F593A}.Release|Any CPU.Build.0 = Release|Any CPU
	EndGlobalSection
	GlobalSection(SolutionProperties) = preSolution
		HideSolutionNode = FALSE
	EndGlobalSection
	GlobalSection(ExtensibilityGlobals) = postSolution
		SolutionGuid = {F8BCE6F0-98CC-4693-BC78-2FAECCCB277D}
	EndGlobalSection
EndGlobal
